// !$*UTF8*$!
{
	archiveVersion = 1;
	classes = {
	};
	objectVersion = 50;
	objects = {

/* Begin PBXBuildFile section */
		091C3EAC21A46E6F0008502C /* AppDelegate.swift in Sources */ = {isa = PBXBuildFile; fileRef = 091C3EAB21A46E6F0008502C /* AppDelegate.swift */; };
		091C3EAE21A46E6F0008502C /* LoginViewController.swift in Sources */ = {isa = PBXBuildFile; fileRef = 091C3EAD21A46E6F0008502C /* LoginViewController.swift */; };
		091C3EB121A46E6F0008502C /* Main.storyboard in Resources */ = {isa = PBXBuildFile; fileRef = 091C3EAF21A46E6F0008502C /* Main.storyboard */; };
		091C3EB321A46E700008502C /* Assets.xcassets in Resources */ = {isa = PBXBuildFile; fileRef = 091C3EB221A46E700008502C /* Assets.xcassets */; };
		091C3EB621A46E700008502C /* LaunchScreen.storyboard in Resources */ = {isa = PBXBuildFile; fileRef = 091C3EB421A46E700008502C /* LaunchScreen.storyboard */; };
		091C3EBE21A46F780008502C /* GoogleService-Info.plist in Resources */ = {isa = PBXBuildFile; fileRef = 091C3EBD21A46F770008502C /* GoogleService-Info.plist */; };
		09D8DADF21A5347C005B6B12 /* SnapsTableViewController.swift in Sources */ = {isa = PBXBuildFile; fileRef = 09D8DADE21A5347C005B6B12 /* SnapsTableViewController.swift */; };
		09D8DAE121A53622005B6B12 /* Extensions.swift in Sources */ = {isa = PBXBuildFile; fileRef = 09D8DAE021A53622005B6B12 /* Extensions.swift */; };
		09D8DAE321A5370C005B6B12 /* SelectImageViewController.swift in Sources */ = {isa = PBXBuildFile; fileRef = 09D8DAE221A5370C005B6B12 /* SelectImageViewController.swift */; };
		09D8DAE521A56803005B6B12 /* Utils.swift in Sources */ = {isa = PBXBuildFile; fileRef = 09D8DAE421A56803005B6B12 /* Utils.swift */; };
		09D8DAE721A56A0D005B6B12 /* LoadingIndicatorViewController.swift in Sources */ = {isa = PBXBuildFile; fileRef = 09D8DAE621A56A0D005B6B12 /* LoadingIndicatorViewController.swift */; };
		09D8DAE921A57395005B6B12 /* SelectReceipientTableViewController.swift in Sources */ = {isa = PBXBuildFile; fileRef = 09D8DAE821A57395005B6B12 /* SelectReceipientTableViewController.swift */; };
		09D8DAEF21A5807E005B6B12 /* User.swift in Sources */ = {isa = PBXBuildFile; fileRef = 09D8DAEE21A5807E005B6B12 /* User.swift */; };
		09D8DAF121A580AF005B6B12 /* Snap.swift in Sources */ = {isa = PBXBuildFile; fileRef = 09D8DAF021A580AF005B6B12 /* Snap.swift */; };
		09D8DAF321A59CA4005B6B12 /* ViewSnapViewController.swift in Sources */ = {isa = PBXBuildFile; fileRef = 09D8DAF221A59CA4005B6B12 /* ViewSnapViewController.swift */; };
		EA6FD557EFED6060E955F761 /* Pods_Snapchat.framework in Frameworks */ = {isa = PBXBuildFile; fileRef = 0BB1B7A1FCF97F72E3AAA3A3 /* Pods_Snapchat.framework */; };
/* End PBXBuildFile section */

/* Begin PBXFileReference section */
		074904FF06EE5BF10FABCAA4 /* Pods-Snapchat.debug.xcconfig */ = {isa = PBXFileReference; includeInIndex = 1; lastKnownFileType = text.xcconfig; name = "Pods-Snapchat.debug.xcconfig"; path = "Pods/Target Support Files/Pods-Snapchat/Pods-Snapchat.debug.xcconfig"; sourceTree = "<group>"; };
		091C3EA821A46E6F0008502C /* Snapchat.app */ = {isa = PBXFileReference; explicitFileType = wrapper.application; includeInIndex = 0; path = Snapchat.app; sourceTree = BUILT_PRODUCTS_DIR; };
		091C3EAB21A46E6F0008502C /* AppDelegate.swift */ = {isa = PBXFileReference; lastKnownFileType = sourcecode.swift; path = AppDelegate.swift; sourceTree = "<group>"; };
		091C3EAD21A46E6F0008502C /* LoginViewController.swift */ = {isa = PBXFileReference; lastKnownFileType = sourcecode.swift; path = LoginViewController.swift; sourceTree = "<group>"; };
		091C3EB021A46E6F0008502C /* Base */ = {isa = PBXFileReference; lastKnownFileType = file.storyboard; name = Base; path = Base.lproj/Main.storyboard; sourceTree = "<group>"; };
		091C3EB221A46E700008502C /* Assets.xcassets */ = {isa = PBXFileReference; lastKnownFileType = folder.assetcatalog; path = Assets.xcassets; sourceTree = "<group>"; };
		091C3EB521A46E700008502C /* Base */ = {isa = PBXFileReference; lastKnownFileType = file.storyboard; name = Base; path = Base.lproj/LaunchScreen.storyboard; sourceTree = "<group>"; };
		091C3EB721A46E700008502C /* Info.plist */ = {isa = PBXFileReference; lastKnownFileType = text.plist.xml; path = Info.plist; sourceTree = "<group>"; };
		091C3EBD21A46F770008502C /* GoogleService-Info.plist */ = {isa = PBXFileReference; fileEncoding = 4; lastKnownFileType = text.plist.xml; path = "GoogleService-Info.plist"; sourceTree = "<group>"; };
		09D8DADE21A5347C005B6B12 /* SnapsTableViewController.swift */ = {isa = PBXFileReference; lastKnownFileType = sourcecode.swift; path = SnapsTableViewController.swift; sourceTree = "<group>"; };
		09D8DAE021A53622005B6B12 /* Extensions.swift */ = {isa = PBXFileReference; lastKnownFileType = sourcecode.swift; path = Extensions.swift; sourceTree = "<group>"; };
		09D8DAE221A5370C005B6B12 /* SelectImageViewController.swift */ = {isa = PBXFileReference; lastKnownFileType = sourcecode.swift; path = SelectImageViewController.swift; sourceTree = "<group>"; };
		09D8DAE421A56803005B6B12 /* Utils.swift */ = {isa = PBXFileReference; lastKnownFileType = sourcecode.swift; path = Utils.swift; sourceTree = "<group>"; };
		09D8DAE621A56A0D005B6B12 /* LoadingIndicatorViewController.swift */ = {isa = PBXFileReference; lastKnownFileType = sourcecode.swift; path = LoadingIndicatorViewController.swift; sourceTree = "<group>"; };
		09D8DAE821A57395005B6B12 /* SelectReceipientTableViewController.swift */ = {isa = PBXFileReference; lastKnownFileType = sourcecode.swift; path = SelectReceipientTableViewController.swift; sourceTree = "<group>"; };
		09D8DAEE21A5807E005B6B12 /* User.swift */ = {isa = PBXFileReference; lastKnownFileType = sourcecode.swift; path = User.swift; sourceTree = "<group>"; };
		09D8DAF021A580AF005B6B12 /* Snap.swift */ = {isa = PBXFileReference; lastKnownFileType = sourcecode.swift; path = Snap.swift; sourceTree = "<group>"; };
		09D8DAF221A59CA4005B6B12 /* ViewSnapViewController.swift */ = {isa = PBXFileReference; lastKnownFileType = sourcecode.swift; path = ViewSnapViewController.swift; sourceTree = "<group>"; };
		0BB1B7A1FCF97F72E3AAA3A3 /* Pods_Snapchat.framework */ = {isa = PBXFileReference; explicitFileType = wrapper.framework; includeInIndex = 0; path = Pods_Snapchat.framework; sourceTree = BUILT_PRODUCTS_DIR; };
		20C4BAC6227DAF27236CF004 /* Pods-Snapchat.release.xcconfig */ = {isa = PBXFileReference; includeInIndex = 1; lastKnownFileType = text.xcconfig; name = "Pods-Snapchat.release.xcconfig"; path = "Pods/Target Support Files/Pods-Snapchat/Pods-Snapchat.release.xcconfig"; sourceTree = "<group>"; };
/* End PBXFileReference section */

/* Begin PBXFrameworksBuildPhase section */
		091C3EA521A46E6F0008502C /* Frameworks */ = {
			isa = PBXFrameworksBuildPhase;
			buildActionMask = 2147483647;
			files = (
				EA6FD557EFED6060E955F761 /* Pods_Snapchat.framework in Frameworks */,
			);
			runOnlyForDeploymentPostprocessing = 0;
		};
/* End PBXFrameworksBuildPhase section */

/* Begin PBXGroup section */
		091C3E9F21A46E6F0008502C = {
			isa = PBXGroup;
			children = (
				091C3EAA21A46E6F0008502C /* Snapchat */,
				091C3EA921A46E6F0008502C /* Products */,
				30D880F6580DB461A700452F /* Pods */,
				31B1E45D1808C89F8B5D7504 /* Frameworks */,
			);
			sourceTree = "<group>";
		};
		091C3EA921A46E6F0008502C /* Products */ = {
			isa = PBXGroup;
			children = (
				091C3EA821A46E6F0008502C /* Snapchat.app */,
			);
			name = Products;
			sourceTree = "<group>";
		};
		091C3EAA21A46E6F0008502C /* Snapchat */ = {
			isa = PBXGroup;
			children = (
				09D8DAED21A5806F005B6B12 /* Model */,
				09D8DAEB21A57A86005B6B12 /* ViewControllers */,
				091C3EAF21A46E6F0008502C /* Main.storyboard */,
				091C3EB221A46E700008502C /* Assets.xcassets */,
				091C3EB721A46E700008502C /* Info.plist */,
				091C3EBD21A46F770008502C /* GoogleService-Info.plist */,
				09D8DAEC21A57A96005B6B12 /* AddOns */,
			);
			path = Snapchat;
			sourceTree = "<group>";
		};
		09D8DAEB21A57A86005B6B12 /* ViewControllers */ = {
			isa = PBXGroup;
			children = (
				091C3EAD21A46E6F0008502C /* LoginViewController.swift */,
				09D8DADE21A5347C005B6B12 /* SnapsTableViewController.swift */,
				09D8DAE221A5370C005B6B12 /* SelectImageViewController.swift */,
				09D8DAE621A56A0D005B6B12 /* LoadingIndicatorViewController.swift */,
				09D8DAE821A57395005B6B12 /* SelectReceipientTableViewController.swift */,
				09D8DAF221A59CA4005B6B12 /* ViewSnapViewController.swift */,
			);
			path = ViewControllers;
			sourceTree = "<group>";
		};
		09D8DAEC21A57A96005B6B12 /* AddOns */ = {
			isa = PBXGroup;
			children = (
				091C3EAB21A46E6F0008502C /* AppDelegate.swift */,
				091C3EB421A46E700008502C /* LaunchScreen.storyboard */,
				09D8DAE021A53622005B6B12 /* Extensions.swift */,
				09D8DAE421A56803005B6B12 /* Utils.swift */,
			);
			path = AddOns;
			sourceTree = "<group>";
		};
		09D8DAED21A5806F005B6B12 /* Model */ = {
			isa = PBXGroup;
			children = (
				09D8DAEE21A5807E005B6B12 /* User.swift */,
				09D8DAF021A580AF005B6B12 /* Snap.swift */,
			);
			path = Model;
			sourceTree = "<group>";
		};
		30D880F6580DB461A700452F /* Pods */ = {
			isa = PBXGroup;
			children = (
				074904FF06EE5BF10FABCAA4 /* Pods-Snapchat.debug.xcconfig */,
				20C4BAC6227DAF27236CF004 /* Pods-Snapchat.release.xcconfig */,
			);
			name = Pods;
			sourceTree = "<group>";
		};
		31B1E45D1808C89F8B5D7504 /* Frameworks */ = {
			isa = PBXGroup;
			children = (
				0BB1B7A1FCF97F72E3AAA3A3 /* Pods_Snapchat.framework */,
			);
			name = Frameworks;
			sourceTree = "<group>";
		};
/* End PBXGroup section */

/* Begin PBXNativeTarget section */
		091C3EA721A46E6F0008502C /* Snapchat */ = {
			isa = PBXNativeTarget;
			buildConfigurationList = 091C3EBA21A46E700008502C /* Build configuration list for PBXNativeTarget "Snapchat" */;
			buildPhases = (
				A2E2C1136D0F4BD488E95FC3 /* [CP] Check Pods Manifest.lock */,
				091C3EA421A46E6F0008502C /* Sources */,
				091C3EA521A46E6F0008502C /* Frameworks */,
				091C3EA621A46E6F0008502C /* Resources */,
				3424CABAABB3DEB2E8B10422 /* [CP] Embed Pods Frameworks */,
			);
			buildRules = (
			);
			dependencies = (
			);
			name = Snapchat;
			productName = Snapchat;
			productReference = 091C3EA821A46E6F0008502C /* Snapchat.app */;
			productType = "com.apple.product-type.application";
		};
/* End PBXNativeTarget section */

/* Begin PBXProject section */
		091C3EA021A46E6F0008502C /* Project object */ = {
			isa = PBXProject;
			attributes = {
				LastSwiftUpdateCheck = 1000;
				LastUpgradeCheck = 1000;
				ORGANIZATIONNAME = Jeevan;
				TargetAttributes = {
					091C3EA721A46E6F0008502C = {
						CreatedOnToolsVersion = 10.0;
					};
				};
			};
			buildConfigurationList = 091C3EA321A46E6F0008502C /* Build configuration list for PBXProject "Snapchat" */;
			compatibilityVersion = "Xcode 9.3";
			developmentRegion = en;
			hasScannedForEncodings = 0;
			knownRegions = (
				en,
				Base,
			);
			mainGroup = 091C3E9F21A46E6F0008502C;
			productRefGroup = 091C3EA921A46E6F0008502C /* Products */;
			projectDirPath = "";
			projectRoot = "";
			targets = (
				091C3EA721A46E6F0008502C /* Snapchat */,
			);
		};
/* End PBXProject section */

/* Begin PBXResourcesBuildPhase section */
		091C3EA621A46E6F0008502C /* Resources */ = {
			isa = PBXResourcesBuildPhase;
			buildActionMask = 2147483647;
			files = (
				091C3EB621A46E700008502C /* LaunchScreen.storyboard in Resources */,
				091C3EBE21A46F780008502C /* GoogleService-Info.plist in Resources */,
				091C3EB321A46E700008502C /* Assets.xcassets in Resources */,
				091C3EB121A46E6F0008502C /* Main.storyboard in Resources */,
			);
			runOnlyForDeploymentPostprocessing = 0;
		};
/* End PBXResourcesBuildPhase section */

/* Begin PBXShellScriptBuildPhase section */
		3424CABAABB3DEB2E8B10422 /* [CP] Embed Pods Frameworks */ = {
			isa = PBXShellScriptBuildPhase;
			buildActionMask = 2147483647;
			files = (
			);
			inputPaths = (
				"${SRCROOT}/Pods/Target Support Files/Pods-Snapchat/Pods-Snapchat-frameworks.sh",
				"${BUILT_PRODUCTS_DIR}/GTMSessionFetcher/GTMSessionFetcher.framework",
				"${BUILT_PRODUCTS_DIR}/GoogleToolboxForMac/GoogleToolboxForMac.framework",
				"${BUILT_PRODUCTS_DIR}/leveldb-library/leveldb.framework",
				"${BUILT_PRODUCTS_DIR}/nanopb/nanopb.framework",
			);
			name = "[CP] Embed Pods Frameworks";
			outputPaths = (
				"${TARGET_BUILD_DIR}/${FRAMEWORKS_FOLDER_PATH}/GTMSessionFetcher.framework",
				"${TARGET_BUILD_DIR}/${FRAMEWORKS_FOLDER_PATH}/GoogleToolboxForMac.framework",
				"${TARGET_BUILD_DIR}/${FRAMEWORKS_FOLDER_PATH}/leveldb.framework",
				"${TARGET_BUILD_DIR}/${FRAMEWORKS_FOLDER_PATH}/nanopb.framework",
			);
			runOnlyForDeploymentPostprocessing = 0;
			shellPath = /bin/sh;
			shellScript = "\"${SRCROOT}/Pods/Target Support Files/Pods-Snapchat/Pods-Snapchat-frameworks.sh\"\n";
			showEnvVarsInLog = 0;
		};
		A2E2C1136D0F4BD488E95FC3 /* [CP] Check Pods Manifest.lock */ = {
			isa = PBXShellScriptBuildPhase;
			buildActionMask = 2147483647;
			files = (
			);
			inputPaths = (
				"${PODS_PODFILE_DIR_PATH}/Podfile.lock",
				"${PODS_ROOT}/Manifest.lock",
			);
			name = "[CP] Check Pods Manifest.lock";
			outputPaths = (
				"$(DERIVED_FILE_DIR)/Pods-Snapchat-checkManifestLockResult.txt",
			);
			runOnlyForDeploymentPostprocessing = 0;
			shellPath = /bin/sh;
			shellScript = "diff \"${PODS_PODFILE_DIR_PATH}/Podfile.lock\" \"${PODS_ROOT}/Manifest.lock\" > /dev/null\nif [ $? != 0 ] ; then\n    # print error to STDERR\n    echo \"error: The sandbox is not in sync with the Podfile.lock. Run 'pod install' or update your CocoaPods installation.\" >&2\n    exit 1\nfi\n# This output is used by Xcode 'outputs' to avoid re-running this script phase.\necho \"SUCCESS\" > \"${SCRIPT_OUTPUT_FILE_0}\"\n";
			showEnvVarsInLog = 0;
		};
/* End PBXShellScriptBuildPhase section */

/* Begin PBXSourcesBuildPhase section */
		091C3EA421A46E6F0008502C /* Sources */ = {
			isa = PBXSourcesBuildPhase;
			buildActionMask = 2147483647;
			files = (
				09D8DADF21A5347C005B6B12 /* SnapsTableViewController.swift in Sources */,
				09D8DAF121A580AF005B6B12 /* Snap.swift in Sources */,
				09D8DAE321A5370C005B6B12 /* SelectImageViewController.swift in Sources */,
				091C3EAE21A46E6F0008502C /* LoginViewController.swift in Sources */,
				09D8DAE921A57395005B6B12 /* SelectReceipientTableViewController.swift in Sources */,
				091C3EAC21A46E6F0008502C /* AppDelegate.swift in Sources */,
				09D8DAEF21A5807E005B6B12 /* User.swift in Sources */,
				09D8DAE121A53622005B6B12 /* Extensions.swift in Sources */,
				09D8DAE521A56803005B6B12 /* Utils.swift in Sources */,
				09D8DAE721A56A0D005B6B12 /* LoadingIndicatorViewController.swift in Sources */,
				09D8DAF321A59CA4005B6B12 /* ViewSnapViewController.swift in Sources */,
			);
			runOnlyForDeploymentPostprocessing = 0;
		};
/* End PBXSourcesBuildPhase section */

/* Begin PBXVariantGroup section */
		091C3EAF21A46E6F0008502C /* Main.storyboard */ = {
			isa = PBXVariantGroup;
			children = (
				091C3EB021A46E6F0008502C /* Base */,
			);
			name = Main.storyboard;
			sourceTree = "<group>";
		};
		091C3EB421A46E700008502C /* LaunchScreen.storyboard */ = {
			isa = PBXVariantGroup;
			children = (
				091C3EB521A46E700008502C /* Base */,
			);
			name = LaunchScreen.storyboard;
			sourceTree = "<group>";
		};
/* End PBXVariantGroup section */

/* Begin XCBuildConfiguration section */
		091C3EB821A46E700008502C /* Debug */ = {
			isa = XCBuildConfiguration;
			buildSettings = {
				ALWAYS_SEARCH_USER_PATHS = NO;
				CLANG_ANALYZER_NONNULL = YES;
				CLANG_ANALYZER_NUMBER_OBJECT_CONVERSION = YES_AGGRESSIVE;
				CLANG_CXX_LANGUAGE_STANDARD = "gnu++14";
				CLANG_CXX_LIBRARY = "libc++";
				CLANG_ENABLE_MODULES = YES;
				CLANG_ENABLE_OBJC_ARC = YES;
				CLANG_ENABLE_OBJC_WEAK = YES;
				CLANG_WARN_BLOCK_CAPTURE_AUTORELEASING = YES;
				CLANG_WARN_BOOL_CONVERSION = YES;
				CLANG_WARN_COMMA = YES;
				CLANG_WARN_CONSTANT_CONVERSION = YES;
				CLANG_WARN_DEPRECATED_OBJC_IMPLEMENTATIONS = YES;
				CLANG_WARN_DIRECT_OBJC_ISA_USAGE = YES_ERROR;
				CLANG_WARN_DOCUMENTATION_COMMENTS = YES;
				CLANG_WARN_EMPTY_BODY = YES;
				CLANG_WARN_ENUM_CONVERSION = YES;
				CLANG_WARN_INFINITE_RECURSION = YES;
				CLANG_WARN_INT_CONVERSION = YES;
				CLANG_WARN_NON_LITERAL_NULL_CONVERSION = YES;
				CLANG_WARN_OBJC_IMPLICIT_RETAIN_SELF = YES;
				CLANG_WARN_OBJC_LITERAL_CONVERSION = YES;
				CLANG_WARN_OBJC_ROOT_CLASS = YES_ERROR;
				CLANG_WARN_RANGE_LOOP_ANALYSIS = YES;
				CLANG_WARN_STRICT_PROTOTYPES = YES;
				CLANG_WARN_SUSPICIOUS_MOVE = YES;
				CLANG_WARN_UNGUARDED_AVAILABILITY = YES_AGGRESSIVE;
				CLANG_WARN_UNREACHABLE_CODE = YES;
				CLANG_WARN__DUPLICATE_METHOD_MATCH = YES;
				CODE_SIGN_IDENTITY = "iPhone Developer";
				COPY_PHASE_STRIP = NO;
				DEBUG_INFORMATION_FORMAT = dwarf;
				ENABLE_STRICT_OBJC_MSGSEND = YES;
				ENABLE_TESTABILITY = YES;
				GCC_C_LANGUAGE_STANDARD = gnu11;
				GCC_DYNAMIC_NO_PIC = NO;
				GCC_NO_COMMON_BLOCKS = YES;
				GCC_OPTIMIZATION_LEVEL = 0;
				GCC_PREPROCESSOR_DEFINITIONS = (
					"DEBUG=1",
					"$(inherited)",
				);
				GCC_WARN_64_TO_32_BIT_CONVERSION = YES;
				GCC_WARN_ABOUT_RETURN_TYPE = YES_ERROR;
				GCC_WARN_UNDECLARED_SELECTOR = YES;
				GCC_WARN_UNINITIALIZED_AUTOS = YES_AGGRESSIVE;
				GCC_WARN_UNUSED_FUNCTION = YES;
				GCC_WARN_UNUSED_VARIABLE = YES;
				IPHONEOS_DEPLOYMENT_TARGET = 12.0;
				MTL_ENABLE_DEBUG_INFO = INCLUDE_SOURCE;
				MTL_FAST_MATH = YES;
				ONLY_ACTIVE_ARCH = YES;
				SDKROOT = iphoneos;
				SWIFT_ACTIVE_COMPILATION_CONDITIONS = DEBUG;
				SWIFT_OPTIMIZATION_LEVEL = "-Onone";
			};
			name = Debug;
		};
		091C3EB921A46E700008502C /* Release */ = {
			isa = XCBuildConfiguration;
			buildSettings = {
				ALWAYS_SEARCH_USER_PATHS = NO;
				CLANG_ANALYZER_NONNULL = YES;
				CLANG_ANALYZER_NUMBER_OBJECT_CONVERSION = YES_AGGRESSIVE;
				CLANG_CXX_LANGUAGE_STANDARD = "gnu++14";
				CLANG_CXX_LIBRARY = "libc++";
				CLANG_ENABLE_MODULES = YES;
				CLANG_ENABLE_OBJC_ARC = YES;
				CLANG_ENABLE_OBJC_WEAK = YES;
				CLANG_WARN_BLOCK_CAPTURE_AUTORELEASING = YES;
				CLANG_WARN_BOOL_CONVERSION = YES;
				CLANG_WARN_COMMA = YES;
				CLANG_WARN_CONSTANT_CONVERSION = YES;
				CLANG_WARN_DEPRECATED_OBJC_IMPLEMENTATIONS = YES;
				CLANG_WARN_DIRECT_OBJC_ISA_USAGE = YES_ERROR;
				CLANG_WARN_DOCUMENTATION_COMMENTS = YES;
				CLANG_WARN_EMPTY_BODY = YES;
				CLANG_WARN_ENUM_CONVERSION = YES;
				CLANG_WARN_INFINITE_RECURSION = YES;
				CLANG_WARN_INT_CONVERSION = YES;
				CLANG_WARN_NON_LITERAL_NULL_CONVERSION = YES;
				CLANG_WARN_OBJC_IMPLICIT_RETAIN_SELF = YES;
				CLANG_WARN_OBJC_LITERAL_CONVERSION = YES;
				CLANG_WARN_OBJC_ROOT_CLASS = YES_ERROR;
				CLANG_WARN_RANGE_LOOP_ANALYSIS = YES;
				CLANG_WARN_STRICT_PROTOTYPES = YES;
				CLANG_WARN_SUSPICIOUS_MOVE = YES;
				CLANG_WARN_UNGUARDED_AVAILABILITY = YES_AGGRESSIVE;
				CLANG_WARN_UNREACHABLE_CODE = YES;
				CLANG_WARN__DUPLICATE_METHOD_MATCH = YES;
				CODE_SIGN_IDENTITY = "iPhone Developer";
				COPY_PHASE_STRIP = NO;
				DEBUG_INFORMATION_FORMAT = "dwarf-with-dsym";
				ENABLE_NS_ASSERTIONS = NO;
				ENABLE_STRICT_OBJC_MSGSEND = YES;
				GCC_C_LANGUAGE_STANDARD = gnu11;
				GCC_NO_COMMON_BLOCKS = YES;
				GCC_WARN_64_TO_32_BIT_CONVERSION = YES;
				GCC_WARN_ABOUT_RETURN_TYPE = YES_ERROR;
				GCC_WARN_UNDECLARED_SELECTOR = YES;
				GCC_WARN_UNINITIALIZED_AUTOS = YES_AGGRESSIVE;
				GCC_WARN_UNUSED_FUNCTION = YES;
				GCC_WARN_UNUSED_VARIABLE = YES;
				IPHONEOS_DEPLOYMENT_TARGET = 12.0;
				MTL_ENABLE_DEBUG_INFO = NO;
				MTL_FAST_MATH = YES;
				SDKROOT = iphoneos;
				SWIFT_COMPILATION_MODE = wholemodule;
				SWIFT_OPTIMIZATION_LEVEL = "-O";
				VALIDATE_PRODUCT = YES;
			};
			name = Release;
		};
		091C3EBB21A46E700008502C /* Debug */ = {
			isa = XCBuildConfiguration;
			baseConfigurationReference = 074904FF06EE5BF10FABCAA4 /* Pods-Snapchat.debug.xcconfig */;
			buildSettings = {
				ASSETCATALOG_COMPILER_APPICON_NAME = AppIcon;
				CODE_SIGN_STYLE = Automatic;
				INFOPLIST_FILE = Snapchat/Info.plist;
				LD_RUNPATH_SEARCH_PATHS = (
					"$(inherited)",
					"@executable_path/Frameworks",
				);
				PRODUCT_BUNDLE_IDENTIFIER = personal.snapchat;
				PRODUCT_NAME = "$(TARGET_NAME)";
				SWIFT_VERSION = 4.2;
				TARGETED_DEVICE_FAMILY = "1,2";
			};
			name = Debug;
		};
		091C3EBC21A46E700008502C /* Release */ = {
			isa = XCBuildConfiguration;
			baseConfigurationReference = 20C4BAC6227DAF27236CF004 /* Pods-Snapchat.release.xcconfig */;
			buildSettings = {
				ASSETCATALOG_COMPILER_APPICON_NAME = AppIcon;
				CODE_SIGN_STYLE = Automatic;
				INFOPLIST_FILE = Snapchat/Info.plist;
				LD_RUNPATH_SEARCH_PATHS = (
					"$(inherited)",
					"@executable_path/Frameworks",
				);
				PRODUCT_BUNDLE_IDENTIFIER = personal.snapchat;
				PRODUCT_NAME = "$(TARGET_NAME)";
				SWIFT_VERSION = 4.2;
				TARGETED_DEVICE_FAMILY = "1,2";
			};
			name = Release;
		};
/* End XCBuildConfiguration section */

/* Begin XCConfigurationList section */
		091C3EA321A46E6F0008502C /* Build configuration list for PBXProject "Snapchat" */ = {
			isa = XCConfigurationList;
			buildConfigurations = (
				091C3EB821A46E700008502C /* Debug */,
				091C3EB921A46E700008502C /* Release */,
			);
			defaultConfigurationIsVisible = 0;
			defaultConfigurationName = Release;
		};
		091C3EBA21A46E700008502C /* Build configuration list for PBXNativeTarget "Snapchat" */ = {
			isa = XCConfigurationList;
			buildConfigurations = (
				091C3EBB21A46E700008502C /* Debug */,
				091C3EBC21A46E700008502C /* Release */,
			);
			defaultConfigurationIsVisible = 0;
			defaultConfigurationName = Release;
		};
/* End XCConfigurationList section */
	};
	rootObject = 091C3EA021A46E6F0008502C /* Project object */;
}
